// !$*UTF8*$!
{
	archiveVersion = 1;
	classes = {
	};
	objectVersion = 56;
	objects = {

/* Begin PBXBuildFile section */
		400A2632296D5C6B00FA45E7 /* TodoView.swift in Sources */ = {isa = PBXBuildFile; fileRef = 400A2631296D5C6B00FA45E7 /* TodoView.swift */; };
		404EC67A296ECFF6006E6D59 /* SlideOverCard in Frameworks */ = {isa = PBXBuildFile; productRef = 404EC679296ECFF6006E6D59 /* SlideOverCard */; };
		50CCAFCC297ADF7900D5F2AA /* NotificationUtility.swift in Sources */ = {isa = PBXBuildFile; fileRef = 50CCAFCB297ADF7900D5F2AA /* NotificationUtility.swift */; };
		50CCAFCE297C58A300D5F2AA /* EnableRemindersModalView.swift in Sources */ = {isa = PBXBuildFile; fileRef = 50CCAFCD297C58A300D5F2AA /* EnableRemindersModalView.swift */; };
		7C6826462975C935002DF5C6 /* GoogleService-Info.plist in Resources */ = {isa = PBXBuildFile; fileRef = 7C6826452975C935002DF5C6 /* GoogleService-Info.plist */; };
		7C6826492975CA58002DF5C6 /* FirebaseAnalytics in Frameworks */ = {isa = PBXBuildFile; productRef = 7C6826482975CA58002DF5C6 /* FirebaseAnalytics */; };
		7C68264B2975CA58002DF5C6 /* FirebaseAuth in Frameworks */ = {isa = PBXBuildFile; productRef = 7C68264A2975CA58002DF5C6 /* FirebaseAuth */; };
		7C68264D2975CA58002DF5C6 /* FirebaseAuthCombine-Community in Frameworks */ = {isa = PBXBuildFile; productRef = 7C68264C2975CA58002DF5C6 /* FirebaseAuthCombine-Community */; };
		7C68264F2975CA58002DF5C6 /* FirebaseFirestoreSwift in Frameworks */ = {isa = PBXBuildFile; productRef = 7C68264E2975CA58002DF5C6 /* FirebaseFirestoreSwift */; };
		7C6826512975CA58002DF5C6 /* FirebaseStorage in Frameworks */ = {isa = PBXBuildFile; productRef = 7C6826502975CA58002DF5C6 /* FirebaseStorage */; };
		7C6826532975CA58002DF5C6 /* FirebaseStorageCombine-Community in Frameworks */ = {isa = PBXBuildFile; productRef = 7C6826522975CA58002DF5C6 /* FirebaseStorageCombine-Community */; };
		7C6826562975CAB2002DF5C6 /* FirebaseAppDelegate.swift in Sources */ = {isa = PBXBuildFile; fileRef = 7C6826552975CAB2002DF5C6 /* FirebaseAppDelegate.swift */; };
		7C6826582975CC3A002DF5C6 /* LoginScreen.swift in Sources */ = {isa = PBXBuildFile; fileRef = 7C6826572975CC3A002DF5C6 /* LoginScreen.swift */; };
		7C68265A2975E2B2002DF5C6 /* ContentView.swift in Sources */ = {isa = PBXBuildFile; fileRef = 7C6826592975E2B2002DF5C6 /* ContentView.swift */; };
		7C68265D2975E43F002DF5C6 /* AuthenticationViewModel.swift in Sources */ = {isa = PBXBuildFile; fileRef = 7C68265C2975E43F002DF5C6 /* AuthenticationViewModel.swift */; };
		7C68265F2975EACB002DF5C6 /* SettingsViewModel.swift in Sources */ = {isa = PBXBuildFile; fileRef = 7C68265E2975EACB002DF5C6 /* SettingsViewModel.swift */; };
		7C6826612975EEE5002DF5C6 /* SettingsView.swift in Sources */ = {isa = PBXBuildFile; fileRef = 7C6826602975EEE5002DF5C6 /* SettingsView.swift */; };
		7C6826632976A1CA002DF5C6 /* TodoEditorViewModel.swift in Sources */ = {isa = PBXBuildFile; fileRef = 7C6826622976A1CA002DF5C6 /* TodoEditorViewModel.swift */; };
		7C6826652976F1FB002DF5C6 /* TodoDetail.swift in Sources */ = {isa = PBXBuildFile; fileRef = 7C6826642976F1FB002DF5C6 /* TodoDetail.swift */; };
		7C6826672976F2A3002DF5C6 /* TodoDetailViewModel.swift in Sources */ = {isa = PBXBuildFile; fileRef = 7C6826662976F2A3002DF5C6 /* TodoDetailViewModel.swift */; };
		7C6826692976F850002DF5C6 /* TodoList.swift in Sources */ = {isa = PBXBuildFile; fileRef = 7C6826682976F850002DF5C6 /* TodoList.swift */; };
		7C68266B2977036F002DF5C6 /* TodoListViewModel.swift in Sources */ = {isa = PBXBuildFile; fileRef = 7C68266A2977036F002DF5C6 /* TodoListViewModel.swift */; };
		7C68266D29770523002DF5C6 /* Errors.swift in Sources */ = {isa = PBXBuildFile; fileRef = 7C68266C29770523002DF5C6 /* Errors.swift */; };
		7CE7CFE92964DD58008F0702 /* ios_to_do_appApp.swift in Sources */ = {isa = PBXBuildFile; fileRef = 7CE7CFE82964DD58008F0702 /* ios_to_do_appApp.swift */; };
		7CE7CFEB2964DD58008F0702 /* HomeView.swift in Sources */ = {isa = PBXBuildFile; fileRef = 7CE7CFEA2964DD58008F0702 /* HomeView.swift */; };
		7CE7CFED2964DD5A008F0702 /* Assets.xcassets in Resources */ = {isa = PBXBuildFile; fileRef = 7CE7CFEC2964DD5A008F0702 /* Assets.xcassets */; };
		7CE7CFF02964DD5A008F0702 /* Preview Assets.xcassets in Resources */ = {isa = PBXBuildFile; fileRef = 7CE7CFEF2964DD5A008F0702 /* Preview Assets.xcassets */; };
		7CE7CFF22964DD5A008F0702 /* Persistence.swift in Sources */ = {isa = PBXBuildFile; fileRef = 7CE7CFF12964DD5A008F0702 /* Persistence.swift */; };
		7CE7CFF52964DD5A008F0702 /* ios_to_do_app.xcdatamodeld in Sources */ = {isa = PBXBuildFile; fileRef = 7CE7CFF32964DD5A008F0702 /* ios_to_do_app.xcdatamodeld */; };
		7CE7D0002964DD5A008F0702 /* ios_to_do_appTests.swift in Sources */ = {isa = PBXBuildFile; fileRef = 7CE7CFFF2964DD5A008F0702 /* ios_to_do_appTests.swift */; };
		7CE7D00A2964DD5A008F0702 /* ios_to_do_appUITests.swift in Sources */ = {isa = PBXBuildFile; fileRef = 7CE7D0092964DD5A008F0702 /* ios_to_do_appUITests.swift */; };
		7CE7D00C2964DD5A008F0702 /* ios_to_do_appUITestsLaunchTests.swift in Sources */ = {isa = PBXBuildFile; fileRef = 7CE7D00B2964DD5A008F0702 /* ios_to_do_appUITestsLaunchTests.swift */; };
		7CE7D0252972B9E7008F0702 /* BindingExtension.swift in Sources */ = {isa = PBXBuildFile; fileRef = 7CE7D0242972B9E7008F0702 /* BindingExtension.swift */; };
		7CE7D0272972BA82008F0702 /* ToDo.swift in Sources */ = {isa = PBXBuildFile; fileRef = 7CE7D0262972BA82008F0702 /* ToDo.swift */; };
		7CE7D02B2972C70F008F0702 /* TodoEditor.swift in Sources */ = {isa = PBXBuildFile; fileRef = 7CE7D02A2972C70F008F0702 /* TodoEditor.swift */; };
		7CE7D02D297305F0008F0702 /* ReminderEditor.swift in Sources */ = {isa = PBXBuildFile; fileRef = 7CE7D02C297305F0008F0702 /* ReminderEditor.swift */; };
		7CE7D02F29749549008F0702 /* LanguageList.swift in Sources */ = {isa = PBXBuildFile; fileRef = 7CE7D02E29749549008F0702 /* LanguageList.swift */; };
		7CE7D0312974961B008F0702 /* languages.json in Resources */ = {isa = PBXBuildFile; fileRef = 7CE7D0302974961B008F0702 /* languages.json */; };
		7CE7D03329749641008F0702 /* Language.swift in Sources */ = {isa = PBXBuildFile; fileRef = 7CE7D03229749641008F0702 /* Language.swift */; };
		7CE7D03629749725008F0702 /* JSONUtils.swift in Sources */ = {isa = PBXBuildFile; fileRef = 7CE7D03529749725008F0702 /* JSONUtils.swift */; };
		7CE7D0382974B0CB008F0702 /* Reminder.swift in Sources */ = {isa = PBXBuildFile; fileRef = 7CE7D0372974B0CB008F0702 /* Reminder.swift */; };
		CE890B9229758E6500233D7A /* Flashcards.swift in Sources */ = {isa = PBXBuildFile; fileRef = CE890B9129758E6500233D7A /* Flashcards.swift */; };
		CE890B9629758FC400233D7A /* FlashcardEditor.swift in Sources */ = {isa = PBXBuildFile; fileRef = CE890B9529758FC400233D7A /* FlashcardEditor.swift */; };
		CE890B982975900300233D7A /* FlashcardView.swift in Sources */ = {isa = PBXBuildFile; fileRef = CE890B972975900300233D7A /* FlashcardView.swift */; };
/* End PBXBuildFile section */

/* Begin PBXContainerItemProxy section */
		7CE7CFFC2964DD5A008F0702 /* PBXContainerItemProxy */ = {
			isa = PBXContainerItemProxy;
			containerPortal = 7CE7CFDD2964DD58008F0702 /* Project object */;
			proxyType = 1;
			remoteGlobalIDString = 7CE7CFE42964DD58008F0702;
			remoteInfo = "ios to do app";
		};
		7CE7D0062964DD5A008F0702 /* PBXContainerItemProxy */ = {
			isa = PBXContainerItemProxy;
			containerPortal = 7CE7CFDD2964DD58008F0702 /* Project object */;
			proxyType = 1;
			remoteGlobalIDString = 7CE7CFE42964DD58008F0702;
			remoteInfo = "ios to do app";
		};
/* End PBXContainerItemProxy section */

/* Begin PBXFileReference section */
		400A2631296D5C6B00FA45E7 /* TodoView.swift */ = {isa = PBXFileReference; lastKnownFileType = sourcecode.swift; path = TodoView.swift; sourceTree = "<group>"; };
		407EB1D8296ED142005F79D8 /* swiftUI-slide-over-card */ = {isa = PBXFileReference; lastKnownFileType = wrapper; name = "swiftUI-slide-over-card"; path = "../../../swiftUI-slide-over-card"; sourceTree = "<group>"; };
		50CCAFCB297ADF7900D5F2AA /* NotificationUtility.swift */ = {isa = PBXFileReference; lastKnownFileType = sourcecode.swift; path = NotificationUtility.swift; sourceTree = "<group>"; };
		50CCAFCD297C58A300D5F2AA /* EnableRemindersModalView.swift */ = {isa = PBXFileReference; lastKnownFileType = sourcecode.swift; path = EnableRemindersModalView.swift; sourceTree = "<group>"; };
		7C6826452975C935002DF5C6 /* GoogleService-Info.plist */ = {isa = PBXFileReference; fileEncoding = 4; lastKnownFileType = text.plist.xml; path = "GoogleService-Info.plist"; sourceTree = "<group>"; };
		7C6826552975CAB2002DF5C6 /* FirebaseAppDelegate.swift */ = {isa = PBXFileReference; lastKnownFileType = sourcecode.swift; path = FirebaseAppDelegate.swift; sourceTree = "<group>"; };
		7C6826572975CC3A002DF5C6 /* LoginScreen.swift */ = {isa = PBXFileReference; lastKnownFileType = sourcecode.swift; path = LoginScreen.swift; sourceTree = "<group>"; };
		7C6826592975E2B2002DF5C6 /* ContentView.swift */ = {isa = PBXFileReference; lastKnownFileType = sourcecode.swift; path = ContentView.swift; sourceTree = "<group>"; };
		7C68265C2975E43F002DF5C6 /* AuthenticationViewModel.swift */ = {isa = PBXFileReference; lastKnownFileType = sourcecode.swift; path = AuthenticationViewModel.swift; sourceTree = "<group>"; };
		7C68265E2975EACB002DF5C6 /* SettingsViewModel.swift */ = {isa = PBXFileReference; lastKnownFileType = sourcecode.swift; path = SettingsViewModel.swift; sourceTree = "<group>"; };
		7C6826602975EEE5002DF5C6 /* SettingsView.swift */ = {isa = PBXFileReference; lastKnownFileType = sourcecode.swift; path = SettingsView.swift; sourceTree = "<group>"; };
		7C6826622976A1CA002DF5C6 /* TodoEditorViewModel.swift */ = {isa = PBXFileReference; lastKnownFileType = sourcecode.swift; path = TodoEditorViewModel.swift; sourceTree = "<group>"; };
		7C6826642976F1FB002DF5C6 /* TodoDetail.swift */ = {isa = PBXFileReference; lastKnownFileType = sourcecode.swift; path = TodoDetail.swift; sourceTree = "<group>"; };
		7C6826662976F2A3002DF5C6 /* TodoDetailViewModel.swift */ = {isa = PBXFileReference; lastKnownFileType = sourcecode.swift; path = TodoDetailViewModel.swift; sourceTree = "<group>"; };
		7C6826682976F850002DF5C6 /* TodoList.swift */ = {isa = PBXFileReference; lastKnownFileType = sourcecode.swift; path = TodoList.swift; sourceTree = "<group>"; };
		7C68266A2977036F002DF5C6 /* TodoListViewModel.swift */ = {isa = PBXFileReference; lastKnownFileType = sourcecode.swift; path = TodoListViewModel.swift; sourceTree = "<group>"; };
		7C68266C29770523002DF5C6 /* Errors.swift */ = {isa = PBXFileReference; lastKnownFileType = sourcecode.swift; path = Errors.swift; sourceTree = "<group>"; };
		7CE7CFE52964DD58008F0702 /* ios to do app.app */ = {isa = PBXFileReference; explicitFileType = wrapper.application; includeInIndex = 0; path = "ios to do app.app"; sourceTree = BUILT_PRODUCTS_DIR; };
		7CE7CFE82964DD58008F0702 /* ios_to_do_appApp.swift */ = {isa = PBXFileReference; lastKnownFileType = sourcecode.swift; path = ios_to_do_appApp.swift; sourceTree = "<group>"; };
		7CE7CFEA2964DD58008F0702 /* HomeView.swift */ = {isa = PBXFileReference; lastKnownFileType = sourcecode.swift; path = HomeView.swift; sourceTree = "<group>"; };
		7CE7CFEC2964DD5A008F0702 /* Assets.xcassets */ = {isa = PBXFileReference; lastKnownFileType = folder.assetcatalog; path = Assets.xcassets; sourceTree = "<group>"; };
		7CE7CFEF2964DD5A008F0702 /* Preview Assets.xcassets */ = {isa = PBXFileReference; lastKnownFileType = folder.assetcatalog; path = "Preview Assets.xcassets"; sourceTree = "<group>"; };
		7CE7CFF12964DD5A008F0702 /* Persistence.swift */ = {isa = PBXFileReference; lastKnownFileType = sourcecode.swift; path = Persistence.swift; sourceTree = "<group>"; };
		7CE7CFF42964DD5A008F0702 /* ios_to_do_app.xcdatamodel */ = {isa = PBXFileReference; lastKnownFileType = wrapper.xcdatamodel; path = ios_to_do_app.xcdatamodel; sourceTree = "<group>"; };
		7CE7CFF62964DD5A008F0702 /* Info.plist */ = {isa = PBXFileReference; lastKnownFileType = text.plist.xml; path = Info.plist; sourceTree = "<group>"; };
		7CE7CFFB2964DD5A008F0702 /* ios to do appTests.xctest */ = {isa = PBXFileReference; explicitFileType = wrapper.cfbundle; includeInIndex = 0; path = "ios to do appTests.xctest"; sourceTree = BUILT_PRODUCTS_DIR; };
		7CE7CFFF2964DD5A008F0702 /* ios_to_do_appTests.swift */ = {isa = PBXFileReference; lastKnownFileType = sourcecode.swift; path = ios_to_do_appTests.swift; sourceTree = "<group>"; };
		7CE7D0052964DD5A008F0702 /* ios to do appUITests.xctest */ = {isa = PBXFileReference; explicitFileType = wrapper.cfbundle; includeInIndex = 0; path = "ios to do appUITests.xctest"; sourceTree = BUILT_PRODUCTS_DIR; };
		7CE7D0092964DD5A008F0702 /* ios_to_do_appUITests.swift */ = {isa = PBXFileReference; lastKnownFileType = sourcecode.swift; path = ios_to_do_appUITests.swift; sourceTree = "<group>"; };
		7CE7D00B2964DD5A008F0702 /* ios_to_do_appUITestsLaunchTests.swift */ = {isa = PBXFileReference; lastKnownFileType = sourcecode.swift; path = ios_to_do_appUITestsLaunchTests.swift; sourceTree = "<group>"; };
		7CE7D0242972B9E7008F0702 /* BindingExtension.swift */ = {isa = PBXFileReference; lastKnownFileType = sourcecode.swift; path = BindingExtension.swift; sourceTree = "<group>"; };
		7CE7D0262972BA82008F0702 /* ToDo.swift */ = {isa = PBXFileReference; lastKnownFileType = sourcecode.swift; path = ToDo.swift; sourceTree = "<group>"; };
		7CE7D02A2972C70F008F0702 /* TodoEditor.swift */ = {isa = PBXFileReference; lastKnownFileType = sourcecode.swift; path = TodoEditor.swift; sourceTree = "<group>"; };
		7CE7D02C297305F0008F0702 /* ReminderEditor.swift */ = {isa = PBXFileReference; lastKnownFileType = sourcecode.swift; path = ReminderEditor.swift; sourceTree = "<group>"; };
		7CE7D02E29749549008F0702 /* LanguageList.swift */ = {isa = PBXFileReference; lastKnownFileType = sourcecode.swift; path = LanguageList.swift; sourceTree = "<group>"; };
		7CE7D0302974961B008F0702 /* languages.json */ = {isa = PBXFileReference; lastKnownFileType = text.json; path = languages.json; sourceTree = "<group>"; };
		7CE7D03229749641008F0702 /* Language.swift */ = {isa = PBXFileReference; lastKnownFileType = sourcecode.swift; path = Language.swift; sourceTree = "<group>"; };
		7CE7D03529749725008F0702 /* JSONUtils.swift */ = {isa = PBXFileReference; lastKnownFileType = sourcecode.swift; path = JSONUtils.swift; sourceTree = "<group>"; };
		7CE7D0372974B0CB008F0702 /* Reminder.swift */ = {isa = PBXFileReference; lastKnownFileType = sourcecode.swift; path = Reminder.swift; sourceTree = "<group>"; };
		CE890B9129758E6500233D7A /* Flashcards.swift */ = {isa = PBXFileReference; lastKnownFileType = sourcecode.swift; path = Flashcards.swift; sourceTree = "<group>"; };
		CE890B9529758FC400233D7A /* FlashcardEditor.swift */ = {isa = PBXFileReference; lastKnownFileType = sourcecode.swift; path = FlashcardEditor.swift; sourceTree = "<group>"; };
		CE890B972975900300233D7A /* FlashcardView.swift */ = {isa = PBXFileReference; lastKnownFileType = sourcecode.swift; path = FlashcardView.swift; sourceTree = "<group>"; };
/* End PBXFileReference section */

/* Begin PBXFrameworksBuildPhase section */
		7CE7CFE22964DD58008F0702 /* Frameworks */ = {
			isa = PBXFrameworksBuildPhase;
			buildActionMask = 2147483647;
			files = (
				7C68264F2975CA58002DF5C6 /* FirebaseFirestoreSwift in Frameworks */,
				7C6826532975CA58002DF5C6 /* FirebaseStorageCombine-Community in Frameworks */,
				7C6826492975CA58002DF5C6 /* FirebaseAnalytics in Frameworks */,
				7C68264B2975CA58002DF5C6 /* FirebaseAuth in Frameworks */,
				404EC67A296ECFF6006E6D59 /* SlideOverCard in Frameworks */,
				7C68264D2975CA58002DF5C6 /* FirebaseAuthCombine-Community in Frameworks */,
				7C6826512975CA58002DF5C6 /* FirebaseStorage in Frameworks */,
			);
			runOnlyForDeploymentPostprocessing = 0;
		};
		7CE7CFF82964DD5A008F0702 /* Frameworks */ = {
			isa = PBXFrameworksBuildPhase;
			buildActionMask = 2147483647;
			files = (
			);
			runOnlyForDeploymentPostprocessing = 0;
		};
		7CE7D0022964DD5A008F0702 /* Frameworks */ = {
			isa = PBXFrameworksBuildPhase;
			buildActionMask = 2147483647;
			files = (
			);
			runOnlyForDeploymentPostprocessing = 0;
		};
/* End PBXFrameworksBuildPhase section */

/* Begin PBXGroup section */
		404EC678296ECFF6006E6D59 /* Frameworks */ = {
			isa = PBXGroup;
			children = (
			);
			name = Frameworks;
			sourceTree = "<group>";
		};
		407EB1D7296ED142005F79D8 /* Packages */ = {
			isa = PBXGroup;
			children = (
				407EB1D8296ED142005F79D8 /* swiftUI-slide-over-card */,
			);
			name = Packages;
			sourceTree = "<group>";
		};
		7C6826542975CA9A002DF5C6 /* firebase */ = {
			isa = PBXGroup;
			children = (
				7C6826552975CAB2002DF5C6 /* FirebaseAppDelegate.swift */,
				7C68266C29770523002DF5C6 /* Errors.swift */,
			);
			path = firebase;
			sourceTree = "<group>";
		};
		7C68265B2975E424002DF5C6 /* viewModels */ = {
			isa = PBXGroup;
			children = (
				7C68265C2975E43F002DF5C6 /* AuthenticationViewModel.swift */,
				7C68265E2975EACB002DF5C6 /* SettingsViewModel.swift */,
				7C6826622976A1CA002DF5C6 /* TodoEditorViewModel.swift */,
				7C6826662976F2A3002DF5C6 /* TodoDetailViewModel.swift */,
				7C68266A2977036F002DF5C6 /* TodoListViewModel.swift */,
			);
			path = viewModels;
			sourceTree = "<group>";
		};
		7CE7CFDC2964DD58008F0702 = {
			isa = PBXGroup;
			children = (
				407EB1D7296ED142005F79D8 /* Packages */,
				7CE7CFE72964DD58008F0702 /* ios to do app */,
				7CE7CFFE2964DD5A008F0702 /* ios to do appTests */,
				7CE7D0082964DD5A008F0702 /* ios to do appUITests */,
				7CE7CFE62964DD58008F0702 /* Products */,
				404EC678296ECFF6006E6D59 /* Frameworks */,
			);
			sourceTree = "<group>";
		};
		7CE7CFE62964DD58008F0702 /* Products */ = {
			isa = PBXGroup;
			children = (
				7CE7CFE52964DD58008F0702 /* ios to do app.app */,
				7CE7CFFB2964DD5A008F0702 /* ios to do appTests.xctest */,
				7CE7D0052964DD5A008F0702 /* ios to do appUITests.xctest */,
			);
			name = Products;
			sourceTree = "<group>";
		};
		7CE7CFE72964DD58008F0702 /* ios to do app */ = {
			isa = PBXGroup;
			children = (
				7C68265B2975E424002DF5C6 /* viewModels */,
				7C6826542975CA9A002DF5C6 /* firebase */,
				7CE7D03429749710008F0702 /* utils */,
				7CE7D0232972B9D7008F0702 /* extensions */,
				7CE7D0222972B6D4008F0702 /* models */,
				7CE7D0212972B60D008F0702 /* views */,
				7CE7CFE82964DD58008F0702 /* ios_to_do_appApp.swift */,
				7CE7CFEC2964DD5A008F0702 /* Assets.xcassets */,
				7CE7CFF12964DD5A008F0702 /* Persistence.swift */,
				7CE7CFF62964DD5A008F0702 /* Info.plist */,
				7CE7CFF32964DD5A008F0702 /* ios_to_do_app.xcdatamodeld */,
				7C6826452975C935002DF5C6 /* GoogleService-Info.plist */,
				7CE7CFEE2964DD5A008F0702 /* Preview Content */,
				7CE7D0302974961B008F0702 /* languages.json */,
			);
			path = "ios to do app";
			sourceTree = "<group>";
		};
		7CE7CFEE2964DD5A008F0702 /* Preview Content */ = {
			isa = PBXGroup;
			children = (
				7CE7CFEF2964DD5A008F0702 /* Preview Assets.xcassets */,
			);
			path = "Preview Content";
			sourceTree = "<group>";
		};
		7CE7CFFE2964DD5A008F0702 /* ios to do appTests */ = {
			isa = PBXGroup;
			children = (
				7CE7CFFF2964DD5A008F0702 /* ios_to_do_appTests.swift */,
			);
			path = "ios to do appTests";
			sourceTree = "<group>";
		};
		7CE7D0082964DD5A008F0702 /* ios to do appUITests */ = {
			isa = PBXGroup;
			children = (
				7CE7D0092964DD5A008F0702 /* ios_to_do_appUITests.swift */,
				7CE7D00B2964DD5A008F0702 /* ios_to_do_appUITestsLaunchTests.swift */,
			);
			path = "ios to do appUITests";
			sourceTree = "<group>";
		};
		7CE7D0212972B60D008F0702 /* views */ = {
			isa = PBXGroup;
			children = (
				7CE7CFEA2964DD58008F0702 /* HomeView.swift */,
				400A2631296D5C6B00FA45E7 /* TodoView.swift */,
				7CE7D02A2972C70F008F0702 /* TodoEditor.swift */,
				7CE7D02C297305F0008F0702 /* ReminderEditor.swift */,
				7CE7D02E29749549008F0702 /* LanguageList.swift */,
				7C6826572975CC3A002DF5C6 /* LoginScreen.swift */,
				CE890B9529758FC400233D7A /* FlashcardEditor.swift */,
				CE890B972975900300233D7A /* FlashcardView.swift */,
				7C6826592975E2B2002DF5C6 /* ContentView.swift */,
				7C6826602975EEE5002DF5C6 /* SettingsView.swift */,
				7C6826642976F1FB002DF5C6 /* TodoDetail.swift */,
				7C6826682976F850002DF5C6 /* TodoList.swift */,
				50CCAFCD297C58A300D5F2AA /* EnableRemindersModalView.swift */,
			);
			path = views;
			sourceTree = "<group>";
		};
		7CE7D0222972B6D4008F0702 /* models */ = {
			isa = PBXGroup;
			children = (
				7CE7D0262972BA82008F0702 /* ToDo.swift */,
				7CE7D03229749641008F0702 /* Language.swift */,
				7CE7D0372974B0CB008F0702 /* Reminder.swift */,
				CE890B9129758E6500233D7A /* Flashcards.swift */,
			);
			path = models;
			sourceTree = "<group>";
		};
		7CE7D0232972B9D7008F0702 /* extensions */ = {
			isa = PBXGroup;
			children = (
				7CE7D0242972B9E7008F0702 /* BindingExtension.swift */,
			);
			path = extensions;
			sourceTree = "<group>";
		};
		7CE7D03429749710008F0702 /* utils */ = {
			isa = PBXGroup;
			children = (
				7CE7D03529749725008F0702 /* JSONUtils.swift */,
				50CCAFCB297ADF7900D5F2AA /* NotificationUtility.swift */,
			);
			path = utils;
			sourceTree = "<group>";
		};
/* End PBXGroup section */

/* Begin PBXNativeTarget section */
		7CE7CFE42964DD58008F0702 /* ios to do app */ = {
			isa = PBXNativeTarget;
			buildConfigurationList = 7CE7D00F2964DD5A008F0702 /* Build configuration list for PBXNativeTarget "ios to do app" */;
			buildPhases = (
				7CE7CFE12964DD58008F0702 /* Sources */,
				7CE7CFE22964DD58008F0702 /* Frameworks */,
				7CE7CFE32964DD58008F0702 /* Resources */,
			);
			buildRules = (
			);
			dependencies = (
			);
			name = "ios to do app";
			packageProductDependencies = (
				404EC679296ECFF6006E6D59 /* SlideOverCard */,
				7C6826482975CA58002DF5C6 /* FirebaseAnalytics */,
				7C68264A2975CA58002DF5C6 /* FirebaseAuth */,
				7C68264C2975CA58002DF5C6 /* FirebaseAuthCombine-Community */,
				7C68264E2975CA58002DF5C6 /* FirebaseFirestoreSwift */,
				7C6826502975CA58002DF5C6 /* FirebaseStorage */,
				7C6826522975CA58002DF5C6 /* FirebaseStorageCombine-Community */,
			);
			productName = "ios to do app";
			productReference = 7CE7CFE52964DD58008F0702 /* ios to do app.app */;
			productType = "com.apple.product-type.application";
		};
		7CE7CFFA2964DD5A008F0702 /* ios to do appTests */ = {
			isa = PBXNativeTarget;
			buildConfigurationList = 7CE7D0122964DD5A008F0702 /* Build configuration list for PBXNativeTarget "ios to do appTests" */;
			buildPhases = (
				7CE7CFF72964DD5A008F0702 /* Sources */,
				7CE7CFF82964DD5A008F0702 /* Frameworks */,
				7CE7CFF92964DD5A008F0702 /* Resources */,
			);
			buildRules = (
			);
			dependencies = (
				7CE7CFFD2964DD5A008F0702 /* PBXTargetDependency */,
			);
			name = "ios to do appTests";
			productName = "ios to do appTests";
			productReference = 7CE7CFFB2964DD5A008F0702 /* ios to do appTests.xctest */;
			productType = "com.apple.product-type.bundle.unit-test";
		};
		7CE7D0042964DD5A008F0702 /* ios to do appUITests */ = {
			isa = PBXNativeTarget;
			buildConfigurationList = 7CE7D0152964DD5A008F0702 /* Build configuration list for PBXNativeTarget "ios to do appUITests" */;
			buildPhases = (
				7CE7D0012964DD5A008F0702 /* Sources */,
				7CE7D0022964DD5A008F0702 /* Frameworks */,
				7CE7D0032964DD5A008F0702 /* Resources */,
			);
			buildRules = (
			);
			dependencies = (
				7CE7D0072964DD5A008F0702 /* PBXTargetDependency */,
			);
			name = "ios to do appUITests";
			productName = "ios to do appUITests";
			productReference = 7CE7D0052964DD5A008F0702 /* ios to do appUITests.xctest */;
			productType = "com.apple.product-type.bundle.ui-testing";
		};
/* End PBXNativeTarget section */

/* Begin PBXProject section */
		7CE7CFDD2964DD58008F0702 /* Project object */ = {
			isa = PBXProject;
			attributes = {
				BuildIndependentTargetsInParallel = 1;
				LastSwiftUpdateCheck = 1420;
				LastUpgradeCheck = 1420;
				TargetAttributes = {
					7CE7CFE42964DD58008F0702 = {
						CreatedOnToolsVersion = 14.2;
					};
					7CE7CFFA2964DD5A008F0702 = {
						CreatedOnToolsVersion = 14.2;
						TestTargetID = 7CE7CFE42964DD58008F0702;
					};
					7CE7D0042964DD5A008F0702 = {
						CreatedOnToolsVersion = 14.2;
						TestTargetID = 7CE7CFE42964DD58008F0702;
					};
				};
			};
			buildConfigurationList = 7CE7CFE02964DD58008F0702 /* Build configuration list for PBXProject "ios to do app" */;
			compatibilityVersion = "Xcode 14.0";
			developmentRegion = en;
			hasScannedForEncodings = 0;
			knownRegions = (
				en,
				Base,
			);
			mainGroup = 7CE7CFDC2964DD58008F0702;
			packageReferences = (
				40B1662F296EC4100071EC12 /* XCRemoteSwiftPackageReference "swiftUI-slide-over-card" */,
				7C6826472975CA58002DF5C6 /* XCRemoteSwiftPackageReference "firebase-ios-sdk" */,
			);
			productRefGroup = 7CE7CFE62964DD58008F0702 /* Products */;
			projectDirPath = "";
			projectRoot = "";
			targets = (
				7CE7CFE42964DD58008F0702 /* ios to do app */,
				7CE7CFFA2964DD5A008F0702 /* ios to do appTests */,
				7CE7D0042964DD5A008F0702 /* ios to do appUITests */,
			);
		};
/* End PBXProject section */

/* Begin PBXResourcesBuildPhase section */
		7CE7CFE32964DD58008F0702 /* Resources */ = {
			isa = PBXResourcesBuildPhase;
			buildActionMask = 2147483647;
			files = (
				7CE7D0312974961B008F0702 /* languages.json in Resources */,
				7C6826462975C935002DF5C6 /* GoogleService-Info.plist in Resources */,
				7CE7CFF02964DD5A008F0702 /* Preview Assets.xcassets in Resources */,
				7CE7CFED2964DD5A008F0702 /* Assets.xcassets in Resources */,
			);
			runOnlyForDeploymentPostprocessing = 0;
		};
		7CE7CFF92964DD5A008F0702 /* Resources */ = {
			isa = PBXResourcesBuildPhase;
			buildActionMask = 2147483647;
			files = (
			);
			runOnlyForDeploymentPostprocessing = 0;
		};
		7CE7D0032964DD5A008F0702 /* Resources */ = {
			isa = PBXResourcesBuildPhase;
			buildActionMask = 2147483647;
			files = (
			);
			runOnlyForDeploymentPostprocessing = 0;
		};
/* End PBXResourcesBuildPhase section */

/* Begin PBXSourcesBuildPhase section */
		7CE7CFE12964DD58008F0702 /* Sources */ = {
			isa = PBXSourcesBuildPhase;
			buildActionMask = 2147483647;
			files = (
				7CE7CFF22964DD5A008F0702 /* Persistence.swift in Sources */,
				7CE7D03629749725008F0702 /* JSONUtils.swift in Sources */,
				7CE7D0272972BA82008F0702 /* ToDo.swift in Sources */,
				7C6826562975CAB2002DF5C6 /* FirebaseAppDelegate.swift in Sources */,
				7CE7CFF52964DD5A008F0702 /* ios_to_do_app.xcdatamodeld in Sources */,
				400A2632296D5C6B00FA45E7 /* TodoView.swift in Sources */,
				7CE7D0252972B9E7008F0702 /* BindingExtension.swift in Sources */,
				7CE7D02D297305F0008F0702 /* ReminderEditor.swift in Sources */,
				7C68265A2975E2B2002DF5C6 /* ContentView.swift in Sources */,
				7CE7D02B2972C70F008F0702 /* TodoEditor.swift in Sources */,
				7CE7D02F29749549008F0702 /* LanguageList.swift in Sources */,
				7CE7D0382974B0CB008F0702 /* Reminder.swift in Sources */,
				7C6826652976F1FB002DF5C6 /* TodoDetail.swift in Sources */,
				7C68266B2977036F002DF5C6 /* TodoListViewModel.swift in Sources */,
				CE890B9229758E6500233D7A /* Flashcards.swift in Sources */,
				CE890B9629758FC400233D7A /* FlashcardEditor.swift in Sources */,
				7C6826692976F850002DF5C6 /* TodoList.swift in Sources */,
				CE890B982975900300233D7A /* FlashcardView.swift in Sources */,
				7CE7CFEB2964DD58008F0702 /* HomeView.swift in Sources */,
				50CCAFCC297ADF7900D5F2AA /* NotificationUtility.swift in Sources */,
				7C68265D2975E43F002DF5C6 /* AuthenticationViewModel.swift in Sources */,
				7C68266D29770523002DF5C6 /* Errors.swift in Sources */,
				7CE7CFE92964DD58008F0702 /* ios_to_do_appApp.swift in Sources */,
				7CE7D03329749641008F0702 /* Language.swift in Sources */,
				7C6826582975CC3A002DF5C6 /* LoginScreen.swift in Sources */,
				7C68265F2975EACB002DF5C6 /* SettingsViewModel.swift in Sources */,
				50CCAFCE297C58A300D5F2AA /* EnableRemindersModalView.swift in Sources */,
				7C6826632976A1CA002DF5C6 /* TodoEditorViewModel.swift in Sources */,
				7C6826612975EEE5002DF5C6 /* SettingsView.swift in Sources */,
				7C6826672976F2A3002DF5C6 /* TodoDetailViewModel.swift in Sources */,
			);
			runOnlyForDeploymentPostprocessing = 0;
		};
		7CE7CFF72964DD5A008F0702 /* Sources */ = {
			isa = PBXSourcesBuildPhase;
			buildActionMask = 2147483647;
			files = (
				7CE7D0002964DD5A008F0702 /* ios_to_do_appTests.swift in Sources */,
			);
			runOnlyForDeploymentPostprocessing = 0;
		};
		7CE7D0012964DD5A008F0702 /* Sources */ = {
			isa = PBXSourcesBuildPhase;
			buildActionMask = 2147483647;
			files = (
				7CE7D00C2964DD5A008F0702 /* ios_to_do_appUITestsLaunchTests.swift in Sources */,
				7CE7D00A2964DD5A008F0702 /* ios_to_do_appUITests.swift in Sources */,
			);
			runOnlyForDeploymentPostprocessing = 0;
		};
/* End PBXSourcesBuildPhase section */

/* Begin PBXTargetDependency section */
		7CE7CFFD2964DD5A008F0702 /* PBXTargetDependency */ = {
			isa = PBXTargetDependency;
			target = 7CE7CFE42964DD58008F0702 /* ios to do app */;
			targetProxy = 7CE7CFFC2964DD5A008F0702 /* PBXContainerItemProxy */;
		};
		7CE7D0072964DD5A008F0702 /* PBXTargetDependency */ = {
			isa = PBXTargetDependency;
			target = 7CE7CFE42964DD58008F0702 /* ios to do app */;
			targetProxy = 7CE7D0062964DD5A008F0702 /* PBXContainerItemProxy */;
		};
/* End PBXTargetDependency section */

/* Begin XCBuildConfiguration section */
		7CE7D00D2964DD5A008F0702 /* Debug */ = {
			isa = XCBuildConfiguration;
			buildSettings = {
				ALWAYS_SEARCH_USER_PATHS = NO;
				CLANG_ANALYZER_NONNULL = YES;
				CLANG_ANALYZER_NUMBER_OBJECT_CONVERSION = YES_AGGRESSIVE;
				CLANG_CXX_LANGUAGE_STANDARD = "gnu++20";
				CLANG_ENABLE_MODULES = YES;
				CLANG_ENABLE_OBJC_ARC = YES;
				CLANG_ENABLE_OBJC_WEAK = YES;
				CLANG_WARN_BLOCK_CAPTURE_AUTORELEASING = YES;
				CLANG_WARN_BOOL_CONVERSION = YES;
				CLANG_WARN_COMMA = YES;
				CLANG_WARN_CONSTANT_CONVERSION = YES;
				CLANG_WARN_DEPRECATED_OBJC_IMPLEMENTATIONS = YES;
				CLANG_WARN_DIRECT_OBJC_ISA_USAGE = YES_ERROR;
				CLANG_WARN_DOCUMENTATION_COMMENTS = YES;
				CLANG_WARN_EMPTY_BODY = YES;
				CLANG_WARN_ENUM_CONVERSION = YES;
				CLANG_WARN_INFINITE_RECURSION = YES;
				CLANG_WARN_INT_CONVERSION = YES;
				CLANG_WARN_NON_LITERAL_NULL_CONVERSION = YES;
				CLANG_WARN_OBJC_IMPLICIT_RETAIN_SELF = YES;
				CLANG_WARN_OBJC_LITERAL_CONVERSION = YES;
				CLANG_WARN_OBJC_ROOT_CLASS = YES_ERROR;
				CLANG_WARN_QUOTED_INCLUDE_IN_FRAMEWORK_HEADER = YES;
				CLANG_WARN_RANGE_LOOP_ANALYSIS = YES;
				CLANG_WARN_STRICT_PROTOTYPES = YES;
				CLANG_WARN_SUSPICIOUS_MOVE = YES;
				CLANG_WARN_UNGUARDED_AVAILABILITY = YES_AGGRESSIVE;
				CLANG_WARN_UNREACHABLE_CODE = YES;
				CLANG_WARN__DUPLICATE_METHOD_MATCH = YES;
				COPY_PHASE_STRIP = NO;
				DEBUG_INFORMATION_FORMAT = dwarf;
				ENABLE_STRICT_OBJC_MSGSEND = YES;
				ENABLE_TESTABILITY = YES;
				GCC_C_LANGUAGE_STANDARD = gnu11;
				GCC_DYNAMIC_NO_PIC = NO;
				GCC_NO_COMMON_BLOCKS = YES;
				GCC_OPTIMIZATION_LEVEL = 0;
				GCC_PREPROCESSOR_DEFINITIONS = (
					"DEBUG=1",
					"$(inherited)",
				);
				GCC_WARN_64_TO_32_BIT_CONVERSION = YES;
				GCC_WARN_ABOUT_RETURN_TYPE = YES_ERROR;
				GCC_WARN_UNDECLARED_SELECTOR = YES;
				GCC_WARN_UNINITIALIZED_AUTOS = YES_AGGRESSIVE;
				GCC_WARN_UNUSED_FUNCTION = YES;
				GCC_WARN_UNUSED_VARIABLE = YES;
				IPHONEOS_DEPLOYMENT_TARGET = 16.0;
				MTL_ENABLE_DEBUG_INFO = INCLUDE_SOURCE;
				MTL_FAST_MATH = YES;
				ONLY_ACTIVE_ARCH = YES;
				SDKROOT = iphoneos;
				SWIFT_ACTIVE_COMPILATION_CONDITIONS = DEBUG;
				SWIFT_OPTIMIZATION_LEVEL = "-Onone";
			};
			name = Debug;
		};
		7CE7D00E2964DD5A008F0702 /* Release */ = {
			isa = XCBuildConfiguration;
			buildSettings = {
				ALWAYS_SEARCH_USER_PATHS = NO;
				CLANG_ANALYZER_NONNULL = YES;
				CLANG_ANALYZER_NUMBER_OBJECT_CONVERSION = YES_AGGRESSIVE;
				CLANG_CXX_LANGUAGE_STANDARD = "gnu++20";
				CLANG_ENABLE_MODULES = YES;
				CLANG_ENABLE_OBJC_ARC = YES;
				CLANG_ENABLE_OBJC_WEAK = YES;
				CLANG_WARN_BLOCK_CAPTURE_AUTORELEASING = YES;
				CLANG_WARN_BOOL_CONVERSION = YES;
				CLANG_WARN_COMMA = YES;
				CLANG_WARN_CONSTANT_CONVERSION = YES;
				CLANG_WARN_DEPRECATED_OBJC_IMPLEMENTATIONS = YES;
				CLANG_WARN_DIRECT_OBJC_ISA_USAGE = YES_ERROR;
				CLANG_WARN_DOCUMENTATION_COMMENTS = YES;
				CLANG_WARN_EMPTY_BODY = YES;
				CLANG_WARN_ENUM_CONVERSION = YES;
				CLANG_WARN_INFINITE_RECURSION = YES;
				CLANG_WARN_INT_CONVERSION = YES;
				CLANG_WARN_NON_LITERAL_NULL_CONVERSION = YES;
				CLANG_WARN_OBJC_IMPLICIT_RETAIN_SELF = YES;
				CLANG_WARN_OBJC_LITERAL_CONVERSION = YES;
				CLANG_WARN_OBJC_ROOT_CLASS = YES_ERROR;
				CLANG_WARN_QUOTED_INCLUDE_IN_FRAMEWORK_HEADER = YES;
				CLANG_WARN_RANGE_LOOP_ANALYSIS = YES;
				CLANG_WARN_STRICT_PROTOTYPES = YES;
				CLANG_WARN_SUSPICIOUS_MOVE = YES;
				CLANG_WARN_UNGUARDED_AVAILABILITY = YES_AGGRESSIVE;
				CLANG_WARN_UNREACHABLE_CODE = YES;
				CLANG_WARN__DUPLICATE_METHOD_MATCH = YES;
				COPY_PHASE_STRIP = NO;
				DEBUG_INFORMATION_FORMAT = "dwarf-with-dsym";
				ENABLE_NS_ASSERTIONS = NO;
				ENABLE_STRICT_OBJC_MSGSEND = YES;
				GCC_C_LANGUAGE_STANDARD = gnu11;
				GCC_NO_COMMON_BLOCKS = YES;
				GCC_WARN_64_TO_32_BIT_CONVERSION = YES;
				GCC_WARN_ABOUT_RETURN_TYPE = YES_ERROR;
				GCC_WARN_UNDECLARED_SELECTOR = YES;
				GCC_WARN_UNINITIALIZED_AUTOS = YES_AGGRESSIVE;
				GCC_WARN_UNUSED_FUNCTION = YES;
				GCC_WARN_UNUSED_VARIABLE = YES;
				IPHONEOS_DEPLOYMENT_TARGET = 16.0;
				MTL_ENABLE_DEBUG_INFO = NO;
				MTL_FAST_MATH = YES;
				SDKROOT = iphoneos;
				SWIFT_COMPILATION_MODE = wholemodule;
				SWIFT_OPTIMIZATION_LEVEL = "-O";
				VALIDATE_PRODUCT = YES;
			};
			name = Release;
		};
		7CE7D0102964DD5A008F0702 /* Debug */ = {
			isa = XCBuildConfiguration;
			buildSettings = {
				ASSETCATALOG_COMPILER_APPICON_NAME = AppIcon;
				ASSETCATALOG_COMPILER_GLOBAL_ACCENT_COLOR_NAME = AccentColor;
				CODE_SIGN_STYLE = Automatic;
				CURRENT_PROJECT_VERSION = 1;
				DEVELOPMENT_ASSET_PATHS = "\"ios to do app/Preview Content\"";
				DEVELOPMENT_TEAM = "";
				ENABLE_PREVIEWS = YES;
				GENERATE_INFOPLIST_FILE = YES;
				INFOPLIST_KEY_UIApplicationSceneManifest_Generation = YES;
				INFOPLIST_KEY_UIApplicationSupportsIndirectInputEvents = YES;
				INFOPLIST_KEY_UILaunchScreen_Generation = YES;
				INFOPLIST_KEY_UISupportedInterfaceOrientations_iPad = "UIInterfaceOrientationPortrait UIInterfaceOrientationPortraitUpsideDown UIInterfaceOrientationLandscapeLeft UIInterfaceOrientationLandscapeRight";
				INFOPLIST_KEY_UISupportedInterfaceOrientations_iPhone = "UIInterfaceOrientationPortrait UIInterfaceOrientationLandscapeLeft UIInterfaceOrientationLandscapeRight";
				IPHONEOS_DEPLOYMENT_TARGET = 16.0;
				LD_RUNPATH_SEARCH_PATHS = (
					"$(inherited)",
					"@executable_path/Frameworks",
				);
				MARKETING_VERSION = 1.0;
				PRODUCT_BUNDLE_IDENTIFIER = com.todo.languages;
				PRODUCT_NAME = "$(TARGET_NAME)";
				SWIFT_EMIT_LOC_STRINGS = YES;
				SWIFT_VERSION = 5.0;
				TARGETED_DEVICE_FAMILY = "1,2";
			};
			name = Debug;
		};
		7CE7D0112964DD5A008F0702 /* Release */ = {
			isa = XCBuildConfiguration;
			buildSettings = {
				ASSETCATALOG_COMPILER_APPICON_NAME = AppIcon;
				ASSETCATALOG_COMPILER_GLOBAL_ACCENT_COLOR_NAME = AccentColor;
				CODE_SIGN_STYLE = Automatic;
				CURRENT_PROJECT_VERSION = 1;
				DEVELOPMENT_ASSET_PATHS = "\"ios to do app/Preview Content\"";
				DEVELOPMENT_TEAM = "";
				ENABLE_PREVIEWS = YES;
				GENERATE_INFOPLIST_FILE = YES;
				INFOPLIST_KEY_UIApplicationSceneManifest_Generation = YES;
				INFOPLIST_KEY_UIApplicationSupportsIndirectInputEvents = YES;
				INFOPLIST_KEY_UILaunchScreen_Generation = YES;
				INFOPLIST_KEY_UISupportedInterfaceOrientations_iPad = "UIInterfaceOrientationPortrait UIInterfaceOrientationPortraitUpsideDown UIInterfaceOrientationLandscapeLeft UIInterfaceOrientationLandscapeRight";
				INFOPLIST_KEY_UISupportedInterfaceOrientations_iPhone = "UIInterfaceOrientationPortrait UIInterfaceOrientationLandscapeLeft UIInterfaceOrientationLandscapeRight";
				IPHONEOS_DEPLOYMENT_TARGET = 16.0;
				LD_RUNPATH_SEARCH_PATHS = (
					"$(inherited)",
					"@executable_path/Frameworks",
				);
				MARKETING_VERSION = 1.0;
				PRODUCT_BUNDLE_IDENTIFIER = com.todo.languages;
				PRODUCT_NAME = "$(TARGET_NAME)";
				SWIFT_EMIT_LOC_STRINGS = YES;
				SWIFT_VERSION = 5.0;
				TARGETED_DEVICE_FAMILY = "1,2";
			};
			name = Release;
		};
		7CE7D0132964DD5A008F0702 /* Debug */ = {
			isa = XCBuildConfiguration;
			buildSettings = {
				ALWAYS_EMBED_SWIFT_STANDARD_LIBRARIES = YES;
				BUNDLE_LOADER = "$(TEST_HOST)";
				CODE_SIGN_STYLE = Automatic;
				CURRENT_PROJECT_VERSION = 1;
				DEVELOPMENT_TEAM = 2NWV32G3N7;
				GENERATE_INFOPLIST_FILE = YES;
				IPHONEOS_DEPLOYMENT_TARGET = 16.2;
				MARKETING_VERSION = 1.0;
				PRODUCT_BUNDLE_IDENTIFIER = "com.ios-to-do-appTests";
				PRODUCT_NAME = "$(TARGET_NAME)";
				SWIFT_EMIT_LOC_STRINGS = NO;
				SWIFT_VERSION = 5.0;
				TARGETED_DEVICE_FAMILY = "1,2";
				TEST_HOST = "$(BUILT_PRODUCTS_DIR)/ios to do app.app/$(BUNDLE_EXECUTABLE_FOLDER_PATH)/ios to do app";
			};
			name = Debug;
		};
		7CE7D0142964DD5A008F0702 /* Release */ = {
			isa = XCBuildConfiguration;
			buildSettings = {
				ALWAYS_EMBED_SWIFT_STANDARD_LIBRARIES = YES;
				BUNDLE_LOADER = "$(TEST_HOST)";
				CODE_SIGN_STYLE = Automatic;
				CURRENT_PROJECT_VERSION = 1;
				DEVELOPMENT_TEAM = 2NWV32G3N7;
				GENERATE_INFOPLIST_FILE = YES;
				IPHONEOS_DEPLOYMENT_TARGET = 16.2;
				MARKETING_VERSION = 1.0;
				PRODUCT_BUNDLE_IDENTIFIER = "com.ios-to-do-appTests";
				PRODUCT_NAME = "$(TARGET_NAME)";
				SWIFT_EMIT_LOC_STRINGS = NO;
				SWIFT_VERSION = 5.0;
				TARGETED_DEVICE_FAMILY = "1,2";
				TEST_HOST = "$(BUILT_PRODUCTS_DIR)/ios to do app.app/$(BUNDLE_EXECUTABLE_FOLDER_PATH)/ios to do app";
			};
			name = Release;
		};
		7CE7D0162964DD5A008F0702 /* Debug */ = {
			isa = XCBuildConfiguration;
			buildSettings = {
				ALWAYS_EMBED_SWIFT_STANDARD_LIBRARIES = YES;
				CODE_SIGN_STYLE = Automatic;
				CURRENT_PROJECT_VERSION = 1;
				DEVELOPMENT_TEAM = 2NWV32G3N7;
				GENERATE_INFOPLIST_FILE = YES;
				MARKETING_VERSION = 1.0;
				PRODUCT_BUNDLE_IDENTIFIER = "com.ios-to-do-appUITests";
				PRODUCT_NAME = "$(TARGET_NAME)";
				SWIFT_EMIT_LOC_STRINGS = NO;
				SWIFT_VERSION = 5.0;
				TARGETED_DEVICE_FAMILY = "1,2";
				TEST_TARGET_NAME = "ios to do app";
			};
			name = Debug;
		};
		7CE7D0172964DD5A008F0702 /* Release */ = {
			isa = XCBuildConfiguration;
			buildSettings = {
				ALWAYS_EMBED_SWIFT_STANDARD_LIBRARIES = YES;
				CODE_SIGN_STYLE = Automatic;
				CURRENT_PROJECT_VERSION = 1;
				DEVELOPMENT_TEAM = 2NWV32G3N7;
				GENERATE_INFOPLIST_FILE = YES;
				MARKETING_VERSION = 1.0;
				PRODUCT_BUNDLE_IDENTIFIER = "com.ios-to-do-appUITests";
				PRODUCT_NAME = "$(TARGET_NAME)";
				SWIFT_EMIT_LOC_STRINGS = NO;
				SWIFT_VERSION = 5.0;
				TARGETED_DEVICE_FAMILY = "1,2";
				TEST_TARGET_NAME = "ios to do app";
			};
			name = Release;
		};
/* End XCBuildConfiguration section */

/* Begin XCConfigurationList section */
		7CE7CFE02964DD58008F0702 /* Build configuration list for PBXProject "ios to do app" */ = {
			isa = XCConfigurationList;
			buildConfigurations = (
				7CE7D00D2964DD5A008F0702 /* Debug */,
				7CE7D00E2964DD5A008F0702 /* Release */,
			);
			defaultConfigurationIsVisible = 0;
			defaultConfigurationName = Release;
		};
		7CE7D00F2964DD5A008F0702 /* Build configuration list for PBXNativeTarget "ios to do app" */ = {
			isa = XCConfigurationList;
			buildConfigurations = (
				7CE7D0102964DD5A008F0702 /* Debug */,
				7CE7D0112964DD5A008F0702 /* Release */,
			);
			defaultConfigurationIsVisible = 0;
			defaultConfigurationName = Release;
		};
		7CE7D0122964DD5A008F0702 /* Build configuration list for PBXNativeTarget "ios to do appTests" */ = {
			isa = XCConfigurationList;
			buildConfigurations = (
				7CE7D0132964DD5A008F0702 /* Debug */,
				7CE7D0142964DD5A008F0702 /* Release */,
			);
			defaultConfigurationIsVisible = 0;
			defaultConfigurationName = Release;
		};
		7CE7D0152964DD5A008F0702 /* Build configuration list for PBXNativeTarget "ios to do appUITests" */ = {
			isa = XCConfigurationList;
			buildConfigurations = (
				7CE7D0162964DD5A008F0702 /* Debug */,
				7CE7D0172964DD5A008F0702 /* Release */,
			);
			defaultConfigurationIsVisible = 0;
			defaultConfigurationName = Release;
		};
/* End XCConfigurationList section */

/* Begin XCRemoteSwiftPackageReference section */
		40B1662F296EC4100071EC12 /* XCRemoteSwiftPackageReference "swiftUI-slide-over-card" */ = {
			isa = XCRemoteSwiftPackageReference;
			repositoryURL = "https://github.com/moifort/swiftUI-slide-over-card.git";
			requirement = {
				kind = upToNextMajorVersion;
				minimumVersion = 1.0.0;
			};
		};
		7C6826472975CA58002DF5C6 /* XCRemoteSwiftPackageReference "firebase-ios-sdk" */ = {
			isa = XCRemoteSwiftPackageReference;
			repositoryURL = "https://github.com/firebase/firebase-ios-sdk";
			requirement = {
				kind = upToNextMajorVersion;
				minimumVersion = 9.0.0;
			};
		};
/* End XCRemoteSwiftPackageReference section */

/* Begin XCSwiftPackageProductDependency section */
		404EC679296ECFF6006E6D59 /* SlideOverCard */ = {
			isa = XCSwiftPackageProductDependency;
			package = 40B1662F296EC4100071EC12 /* XCRemoteSwiftPackageReference "swiftUI-slide-over-card" */;
			productName = SlideOverCard;
		};
		7C6826482975CA58002DF5C6 /* FirebaseAnalytics */ = {
			isa = XCSwiftPackageProductDependency;
			package = 7C6826472975CA58002DF5C6 /* XCRemoteSwiftPackageReference "firebase-ios-sdk" */;
			productName = FirebaseAnalytics;
		};
		7C68264A2975CA58002DF5C6 /* FirebaseAuth */ = {
			isa = XCSwiftPackageProductDependency;
			package = 7C6826472975CA58002DF5C6 /* XCRemoteSwiftPackageReference "firebase-ios-sdk" */;
			productName = FirebaseAuth;
		};
		7C68264C2975CA58002DF5C6 /* FirebaseAuthCombine-Community */ = {
			isa = XCSwiftPackageProductDependency;
			package = 7C6826472975CA58002DF5C6 /* XCRemoteSwiftPackageReference "firebase-ios-sdk" */;
			productName = "FirebaseAuthCombine-Community";
		};
		7C68264E2975CA58002DF5C6 /* FirebaseFirestoreSwift */ = {
			isa = XCSwiftPackageProductDependency;
			package = 7C6826472975CA58002DF5C6 /* XCRemoteSwiftPackageReference "firebase-ios-sdk" */;
			productName = FirebaseFirestoreSwift;
		};
		7C6826502975CA58002DF5C6 /* FirebaseStorage */ = {
			isa = XCSwiftPackageProductDependency;
			package = 7C6826472975CA58002DF5C6 /* XCRemoteSwiftPackageReference "firebase-ios-sdk" */;
			productName = FirebaseStorage;
		};
		7C6826522975CA58002DF5C6 /* FirebaseStorageCombine-Community */ = {
			isa = XCSwiftPackageProductDependency;
			package = 7C6826472975CA58002DF5C6 /* XCRemoteSwiftPackageReference "firebase-ios-sdk" */;
			productName = "FirebaseStorageCombine-Community";
		};
/* End XCSwiftPackageProductDependency section */

/* Begin XCVersionGroup section */
		7CE7CFF32964DD5A008F0702 /* ios_to_do_app.xcdatamodeld */ = {
			isa = XCVersionGroup;
			children = (
				7CE7CFF42964DD5A008F0702 /* ios_to_do_app.xcdatamodel */,
			);
			currentVersion = 7CE7CFF42964DD5A008F0702 /* ios_to_do_app.xcdatamodel */;
			path = ios_to_do_app.xcdatamodeld;
			sourceTree = "<group>";
			versionGroupType = wrapper.xcdatamodel;
		};
/* End XCVersionGroup section */
	};
	rootObject = 7CE7CFDD2964DD58008F0702 /* Project object */;
}
